
Microsoft Visual Studio Solution File, Format Version 12.00
# Visual Studio Version 16
VisualStudioVersion = 16.0.31019.35
MinimumVisualStudioVersion = 10.0.40219.1
Project("{FAE04EC0-301F-11D3-BF4B-00C04F79EFBC}") = "history-game.ui", "history-game.ui\history-game.ui.csproj", "{69800349-431B-48E4-8247-1C0CC851427D}"
EndProject
Project("{FAE04EC0-301F-11D3-BF4B-00C04F79EFBC}") = "history-game", "history-game\history-game.csproj", "{EF3A1D5D-2A34-4AA1-BA2F-357063E9853D}"
EndProject
Global
	GlobalSection(SolutionConfigurationPlatforms) = preSolution
		Debug|Any CPU = Debug|Any CPU
		Release|Any CPU = Release|Any CPU
	EndGlobalSection
	GlobalSection(ProjectConfigurationPlatforms) = postSolution
		{69800349-431B-48E4-8247-1C0CC851427D}.Debug|Any CPU.ActiveCfg = Debug|Any CPU
		{69800349-431B-48E4-8247-1C0CC851427D}.Debug|Any CPU.Build.0 = Debug|Any CPU
		{69800349-431B-48E4-8247-1C0CC851427D}.Release|Any CPU.ActiveCfg = Release|Any CPU
		{69800349-431B-48E4-8247-1C0CC851427D}.Release|Any CPU.Build.0 = Release|Any CPU
		{EF3A1D5D-2A34-4AA1-BA2F-357063E9853D}.Debug|Any CPU.ActiveCfg = Debug|Any CPU
		{EF3A1D5D-2A34-4AA1-BA2F-357063E9853D}.Debug|Any CPU.Build.0 = Debug|Any CPU
		{EF3A1D5D-2A34-4AA1-BA2F-357063E9853D}.Release|Any CPU.ActiveCfg = Release|Any CPU
		{EF3A1D5D-2A34-4AA1-BA2F-357063E9853D}.Release|Any CPU.Build.0 = Release|Any CPU
	EndGlobalSection
	GlobalSection(SolutionProperties) = preSolution
		HideSolutionNode = FALSE
	EndGlobalSection
	GlobalSection(ExtensibilityGlobals) = postSolution
		SolutionGuid = {1109BFDB-EA2A-41D5-846A-0A79266DB266}
	EndGlobalSection
EndGlobal
